
Microsoft Visual Studio Solution File, Format Version 12.00
# Visual Studio Version 17
VisualStudioVersion = 17.1.32328.378
MinimumVisualStudioVersion = 10.0.40219.1
Project("{FAE04EC0-301F-11D3-BF4B-00C04F79EFBC}") = "API", "API\API.csproj", "{84090116-2D00-460E-859F-D1B9F1CA4FE9}"
EndProject
Project("{FAE04EC0-301F-11D3-BF4B-00C04F79EFBC}") = "Domain", "Domain\Domain.csproj", "{F14F74ED-58EC-4C88-9CE4-F4951795448D}"
EndProject
Project("{FAE04EC0-301F-11D3-BF4B-00C04F79EFBC}") = "RecipeAndMesuris", "RecipeAndMesuris\RecipeAndMesuris.csproj", "{2841B2F2-0203-461E-A502-CCD5B6423394}"
EndProject
Project("{FAE04EC0-301F-11D3-BF4B-00C04F79EFBC}") = "NutrientRetrieval", "NutrientRetrieval\NutrientRetrieval.csproj", "{4E4D53B3-FB95-46E4-A861-96E969A86626}"
EndProject
Global
	GlobalSection(SolutionConfigurationPlatforms) = preSolution
		Debug|Any CPU = Debug|Any CPU
		Release|Any CPU = Release|Any CPU
	EndGlobalSection
	GlobalSection(ProjectConfigurationPlatforms) = postSolution
		{84090116-2D00-460E-859F-D1B9F1CA4FE9}.Debug|Any CPU.ActiveCfg = Debug|Any CPU
		{84090116-2D00-460E-859F-D1B9F1CA4FE9}.Debug|Any CPU.Build.0 = Debug|Any CPU
		{84090116-2D00-460E-859F-D1B9F1CA4FE9}.Release|Any CPU.ActiveCfg = Release|Any CPU
		{84090116-2D00-460E-859F-D1B9F1CA4FE9}.Release|Any CPU.Build.0 = Release|Any CPU
		{F14F74ED-58EC-4C88-9CE4-F4951795448D}.Debug|Any CPU.ActiveCfg = Debug|Any CPU
		{F14F74ED-58EC-4C88-9CE4-F4951795448D}.Debug|Any CPU.Build.0 = Debug|Any CPU
		{F14F74ED-58EC-4C88-9CE4-F4951795448D}.Release|Any CPU.ActiveCfg = Release|Any CPU
		{F14F74ED-58EC-4C88-9CE4-F4951795448D}.Release|Any CPU.Build.0 = Release|Any CPU
		{2841B2F2-0203-461E-A502-CCD5B6423394}.Debug|Any CPU.ActiveCfg = Debug|Any CPU
		{2841B2F2-0203-461E-A502-CCD5B6423394}.Debug|Any CPU.Build.0 = Debug|Any CPU
		{2841B2F2-0203-461E-A502-CCD5B6423394}.Release|Any CPU.ActiveCfg = Release|Any CPU
		{2841B2F2-0203-461E-A502-CCD5B6423394}.Release|Any CPU.Build.0 = Release|Any CPU
		{4E4D53B3-FB95-46E4-A861-96E969A86626}.Debug|Any CPU.ActiveCfg = Debug|Any CPU
		{4E4D53B3-FB95-46E4-A861-96E969A86626}.Debug|Any CPU.Build.0 = Debug|Any CPU
		{4E4D53B3-FB95-46E4-A861-96E969A86626}.Release|Any CPU.ActiveCfg = Release|Any CPU
		{4E4D53B3-FB95-46E4-A861-96E969A86626}.Release|Any CPU.Build.0 = Release|Any CPU
	EndGlobalSection
	GlobalSection(SolutionProperties) = preSolution
		HideSolutionNode = FALSE
	EndGlobalSection
	GlobalSection(ExtensibilityGlobals) = postSolution
		SolutionGuid = {A87DF59F-6145-44F5-84A9-31C71E428248}
	EndGlobalSection
EndGlobal
